<?xml version="1.0" encoding="utf-8"?>
<Project ToolsVersion="4.0" xmlns="http://schemas.microsoft.com/developer/msbuild/2003">
  <ItemGroup>
    <Filter Include="Source Files">
      <UniqueIdentifier>{4FC737F1-C7A5-4376-A066-2A32D752A2FF}</UniqueIdentifier>
      <Extensions>cpp;c;cc;cxx;def;odl;idl;hpj;bat;asm;asmx</Extensions>
    </Filter>
    <Filter Include="Header Files">
      <UniqueIdentifier>{93995380-89BD-4b04-88EB-625FBE52EBFB}</UniqueIdentifier>
      <Extensions>h;hpp;hxx;hm;inl;inc;xsd</Extensions>
    </Filter>
    <Filter Include="Resource Files">
      <UniqueIdentifier>{67DA6AB6-F800-4c08-8B7A-83BB121AAD01}</UniqueIdentifier>
      <Extensions>rc;ico;cur;bmp;dlg;rc2;rct;bin;rgs;gif;jpg;jpeg;jpe;resx;tiff;tif;png;wav</Extensions>
    </Filter>
  </ItemGroup>
  <ItemGroup>
    <ClCompile Include="..\source\amextra.cpp">
      <Filter>Source Files</Filter>
    </ClCompile>
    <ClCompile Include="..\source\amfilter.cpp">
      <Filter>Source Files</Filter>
    </ClCompile>
    <ClCompile Include="..\source\amvideo.cpp">
      <Filter>Source Files</Filter>
    </ClCompile>
    <ClCompile Include="..\source\arithutil.cpp">
      <Filter>Source Files</Filter>
    </ClCompile>
    <ClCompile Include="..\source\combase.cpp">
      <Filter>Source Files</Filter>
    </ClCompile>
    <ClCompile Include="..\source\cprop.cpp">
      <Filter>Source Files</Filter>
    </ClCompile>
    <ClCompile Include="..\source\ctlutil.cpp">
      <Filter>Source Files</Filter>
    </ClCompile>
    <ClCompile Include="..\source\ddmm.cpp">
      <Filter>Source Files</Filter>
    </ClCompile>
    <ClCompile Include="..\source\dllentry.cpp">
      <Filter>Source Files</Filter>
    </ClCompile>
    <ClCompile Include="..\source\dllsetup.cpp">
      <Filter>Source Files</Filter>
    </ClCompile>
    <ClCompile Include="..\source\mtype.cpp">
      <Filter>Source Files</Filter>
    </ClCompile>
    <ClCompile Include="..\source\outputq.cpp">
      <Filter>Source Files</Filter>
    </ClCompile>
    <ClCompile Include="..\source\perflog.cpp">
      <Filter>Source Files</Filter>
    </ClCompile>
    <ClCompile Include="..\source\pstream.cpp">
      <Filter>Source Files</Filter>
    </ClCompile>
    <ClCompile Include="..\source\pullpin.cpp">
      <Filter>Source Files</Filter>
    </ClCompile>
    <ClCompile Include="..\source\refclock.cpp">
      <Filter>Source Files</Filter>
    </ClCompile>
    <ClCompile Include="..\source\renbase.cpp">
      <Filter>Source Files</Filter>
    </ClCompile>
    <ClCompile Include="..\source\schedule.cpp">
      <Filter>Source Files</Filter>
    </ClCompile>
    <ClCompile Include="..\source\seekpt.cpp">
      <Filter>Source Files</Filter>
    </ClCompile>
    <ClCompile Include="..\source\source.cpp">
      <Filter>Source Files</Filter>
    </ClCompile>
    <ClCompile Include="..\source\strmctl.cpp">
      <Filter>Source Files</Filter>
    </ClCompile>
    <ClCompile Include="..\source\sysclock.cpp">
      <Filter>Source Files</Filter>
    </ClCompile>
    <ClCompile Include="..\source\transfrm.cpp">
      <Filter>Source Files</Filter>
    </ClCompile>
    <ClCompile Include="..\source\transip.cpp">
      <Filter>Source Files</Filter>
    </ClCompile>
    <ClCompile Include="..\source\videoctl.cpp">
      <Filter>Source Files</Filter>
    </ClCompile>
    <ClCompile Include="..\source\vtrans.cpp">
      <Filter>Source Files</Filter>
    </ClCompile>
    <ClCompile Include="..\source\winctrl.cpp">
      <Filter>Source Files</Filter>
    </ClCompile>
    <ClCompile Include="..\source\winutil.cpp">
      <Filter>Source Files</Filter>
    </ClCompile>
    <ClCompile Include="..\source\wxdebug.cpp">
      <Filter>Source Files</Filter>
    </ClCompile>
    <ClCompile Include="..\source\wxlist.cpp">
      <Filter>Source Files</Filter>
    </ClCompile>
    <ClCompile Include="..\source\wxutil.cpp">
      <Filter>Source Files</Filter>
    </ClCompile>
  </ItemGroup>
  <ItemGroup>
    <ClInclude Include="..\source\amextra.h">
      <Filter>Header Files</Filter>
    </ClInclude>
    <ClInclude Include="..\source\amfilter.h">
      <Filter>Header Files</Filter>
    </ClInclude>
    <ClInclude Include="..\source\cache.h">
      <Filter>Header Files</Filter>
    </ClInclude>
    <ClInclude Include="..\source\checkbmi.h">
      <Filter>Header Files</Filter>
    </ClInclude>
    <ClInclude Include="..\source\combase.h">
      <Filter>Header Files</Filter>
    </ClInclude>
    <ClInclude Include="..\source\cprop.h">
      <Filter>Header Files</Filter>
    </ClInclude>
    <ClInclude Include="..\source\ctlutil.h">
      <Filter>Header Files</Filter>
    </ClInclude>
    <ClInclude Include="..\source\ddmm.h">
      <Filter>Header Files</Filter>
    </ClInclude>
    <ClInclude Include="..\source\dllsetup.h">
      <Filter>Header Files</Filter>
    </ClInclude>
    <ClInclude Include="..\source\dxmperf.h">
      <Filter>Header Files</Filter>
    </ClInclude>
    <ClInclude Include="..\source\fourcc.h">
      <Filter>Header Files</Filter>
    </ClInclude>
    <ClInclude Include="..\source\measure.h">
      <Filter>Header Files</Filter>
    </ClInclude>
    <ClInclude Include="..\source\msgthrd.h">
      <Filter>Header Files</Filter>
    </ClInclude>
    <ClInclude Include="..\source\mtype.h">
      <Filter>Header Files</Filter>
    </ClInclude>
    <ClInclude Include="..\source\outputq.h">
      <Filter>Header Files</Filter>
    </ClInclude>
    <ClInclude Include="..\source\perflog.h">
      <Filter>Header Files</Filter>
    </ClInclude>
    <ClInclude Include="..\source\perfstruct.h">
      <Filter>Header Files</Filter>
    </ClInclude>
    <ClInclude Include="..\source\pstream.h">
      <Filter>Header Files</Filter>
    </ClInclude>
    <ClInclude Include="..\source\pullpin.h">
      <Filter>Header Files</Filter>
    </ClInclude>
    <ClInclude Include="..\source\refclock.h">
      <Filter>Header Files</Filter>
    </ClInclude>
    <ClInclude Include="..\source\reftime.h">
      <Filter>Header Files</Filter>
    </ClInclude>
    <ClInclude Include="..\source\renbase.h">
      <Filter>Header Files</Filter>
    </ClInclude>
    <ClInclude Include="..\source\schedule.h">
      <Filter>Header Files</Filter>
    </ClInclude>
    <ClInclude Include="..\source\seekpt.h">
      <Filter>Header Files</Filter>
    </ClInclude>
    <ClInclude Include="..\source\source.h">
      <Filter>Header Files</Filter>
    </ClInclude>
    <ClInclude Include="..\source\streams.h">
      <Filter>Header Files</Filter>
    </ClInclude>
    <ClInclude Include="..\source\strmctl.h">
      <Filter>Header Files</Filter>
    </ClInclude>
    <ClInclude Include="..\source\sysclock.h">
      <Filter>Header Files</Filter>
    </ClInclude>
    <ClInclude Include="..\source\transfrm.h">
      <Filter>Header Files</Filter>
    </ClInclude>
    <ClInclude Include="..\source\transip.h">
      <Filter>Header Files</Filter>
    </ClInclude>
    <ClInclude Include="..\source\videoctl.h">
      <Filter>Header Files</Filter>
    </ClInclude>
    <ClInclude Include="..\source\vtrans.h">
      <Filter>Header Files</Filter>
    </ClInclude>
    <ClInclude Include="..\source\winctrl.h">
      <Filter>Header Files</Filter>
    </ClInclude>
    <ClInclude Include="..\source\winutil.h">
      <Filter>Header Files</Filter>
    </ClInclude>
    <ClInclude Include="..\source\wxdebug.h">
      <Filter>Header Files</Filter>
    </ClInclude>
    <ClInclude Include="..\source\wxlist.h">
      <Filter>Header Files</Filter>
    </ClInclude>
    <ClInclude Include="..\source\wxutil.h">
      <Filter>Header Files</Filter>
    </ClInclude>
  </ItemGroup>
</Project>