<?xml version="1.0" encoding="utf-8"?>
<Project ToolsVersion="4.0" xmlns="http://schemas.microsoft.com/developer/msbuild/2003">
  <ItemGroup>
    <ClCompile Include="..\source\SpoutCopy.cpp">
      <Filter>Source Files</Filter>
    </ClCompile>
    <ClCompile Include="..\source\SpoutDirectX.cpp">
      <Filter>Source Files</Filter>
    </ClCompile>
    <ClCompile Include="..\source\SpoutGLDXinterop.cpp">
      <Filter>Source Files</Filter>
    </ClCompile>
    <ClCompile Include="..\source\SpoutGLextensions.cpp">
      <Filter>Source Files</Filter>
    </ClCompile>
    <ClCompile Include="..\source\SpoutMemoryShare.cpp">
      <Filter>Source Files</Filter>
    </ClCompile>
    <ClCompile Include="..\source\SpoutReceiver.cpp">
      <Filter>Source Files</Filter>
    </ClCompile>
    <ClCompile Include="..\source\SpoutSDK.cpp">
      <Filter>Source Files</Filter>
    </ClCompile>
    <ClCompile Include="..\source\SpoutSender.cpp">
      <Filter>Source Files</Filter>
    </ClCompile>
    <ClCompile Include="..\source\SpoutSenderNames.cpp">
      <Filter>Source Files</Filter>
    </ClCompile>
    <ClCompile Include="..\source\SpoutSharedMemory.cpp">
      <Filter>Source Files</Filter>
    </ClCompile>
    <ClCompile Include="..\source\SpoutFrameCount.cpp">
      <Filter>Source Files</Filter>
    </ClCompile>
    <ClCompile Include="..\source\SpoutUtils.cpp">
      <Filter>Source Files</Filter>
    </ClCompile>
  </ItemGroup>
  <ItemGroup>
    <ClInclude Include="..\source\Spout.h">
      <Filter>Header Files</Filter>
    </ClInclude>
    <ClInclude Include="..\source\SpoutCommon.h">
      <Filter>Header Files</Filter>
    </ClInclude>
    <ClInclude Include="..\source\SpoutCopy.h">
      <Filter>Header Files</Filter>
    </ClInclude>
    <ClInclude Include="..\source\SpoutDirectX.h">
      <Filter>Header Files</Filter>
    </ClInclude>
    <ClInclude Include="..\source\SpoutGLDXinterop.h">
      <Filter>Header Files</Filter>
    </ClInclude>
    <ClInclude Include="..\source\SpoutGLextensions.h">
      <Filter>Header Files</Filter>
    </ClInclude>
    <ClInclude Include="..\source\SpoutMemoryShare.h">
      <Filter>Header Files</Filter>
    </ClInclude>
    <ClInclude Include="..\source\SpoutReceiver.h">
      <Filter>Header Files</Filter>
    </ClInclude>
    <ClInclude Include="..\source\SpoutSDK.h">
      <Filter>Header Files</Filter>
    </ClInclude>
    <ClInclude Include="..\source\SpoutSender.h">
      <Filter>Header Files</Filter>
    </ClInclude>
    <ClInclude Include="..\source\SpoutSenderNames.h">
      <Filter>Header Files</Filter>
    </ClInclude>
    <ClInclude Include="..\source\SpoutSharedMemory.h">
      <Filter>Header Files</Filter>
    </ClInclude>
    <ClInclude Include="..\source\SpoutFrameCount.h">
      <Filter>Header Files</Filter>
    </ClInclude>
    <ClInclude Include="..\source\SpoutUtils.h">
      <Filter>Header Files</Filter>
    </ClInclude>
  </ItemGroup>
  <ItemGroup>
    <Filter Include="Source Files">
      <UniqueIdentifier>{ba64a3af-6f8e-4d48-a2b0-e7a34634f869}</UniqueIdentifier>
    </Filter>
    <Filter Include="Header Files">
      <UniqueIdentifier>{bd15af19-14ea-4aa6-85f3-e4cc13599dbd}</UniqueIdentifier>
    </Filter>
  </ItemGroup>
</Project>